
Microsoft Visual Studio Solution File, Format Version 12.00
# Visual Studio Version 17
VisualStudioVersion = 17.2.32630.192
MinimumVisualStudioVersion = 10.0.40219.1
Project("{FAE04EC0-301F-11D3-BF4B-00C04F79EFBC}") = "Dewalt", "Dewalt\Dewalt.csproj", "{7C4D62F0-DBD7-44C2-BFBF-3997AA1B6B43}"
EndProject
Global
	GlobalSection(SolutionConfigurationPlatforms) = preSolution
		Debug|Any CPU = Debug|Any CPU
		Release|Any CPU = Release|Any CPU
	EndGlobalSection
	GlobalSection(ProjectConfigurationPlatforms) = postSolution
		{7C4D62F0-DBD7-44C2-BFBF-3997AA1B6B43}.Debug|Any CPU.ActiveCfg = Debug|Any CPU
		{7C4D62F0-DBD7-44C2-BFBF-3997AA1B6B43}.Debug|Any CPU.Build.0 = Debug|Any CPU
		{7C4D62F0-DBD7-44C2-BFBF-3997AA1B6B43}.Release|Any CPU.ActiveCfg = Release|Any CPU
		{7C4D62F0-DBD7-44C2-BFBF-3997AA1B6B43}.Release|Any CPU.Build.0 = Release|Any CPU
	EndGlobalSection
	GlobalSection(SolutionProperties) = preSolution
		HideSolutionNode = FALSE
	EndGlobalSection
	GlobalSection(ExtensibilityGlobals) = postSolution
		SolutionGuid = {19EFD621-49B7-4FE1-8B33-82C25A780F6E}
	EndGlobalSection
EndGlobal
